
Microsoft Visual Studio Solution File, Format Version 12.00
# Visual Studio 14
VisualStudioVersion = 14.0.24720.0
MinimumVisualStudioVersion = 10.0.40219.1
Project("{FAE04EC0-301F-11D3-BF4B-00C04F79EFBC}") = "TriviaMag.Data", "TriviaMag.Data\TriviaMag.Data.csproj", "{F806003A-BDB1-4AEE-8E3C-0578D4F28CB6}"
EndProject
Project("{FAE04EC0-301F-11D3-BF4B-00C04F79EFBC}") = "TriviaMag.Models", "TriviaMag.Models\TriviaMag.Models.csproj", "{4E1B9A86-FECD-4C48-AB51-9A32AB14A692}"
EndProject
Project("{FAE04EC0-301F-11D3-BF4B-00C04F79EFBC}") = "TriviaMag.Services", "TriviaMag.Services\TriviaMag.Services.csproj", "{8B467DD8-704A-4569-B606-40ED0D18931F}"
EndProject
Project("{FAE04EC0-301F-11D3-BF4B-00C04F79EFBC}") = "TriviaMag.Common", "TriviaMag.Common\TriviaMag.Common.csproj", "{003BE371-C52C-4611-8A54-DF0BB77DEB86}"
EndProject
Project("{FAE04EC0-301F-11D3-BF4B-00C04F79EFBC}") = "TriviaMag.Web", "TriviaMag.Web\TriviaMag.Web.csproj", "{4DB665EF-A9BD-492A-945B-27F1BF821754}"
EndProject
Global
	GlobalSection(SolutionConfigurationPlatforms) = preSolution
		Debug|Any CPU = Debug|Any CPU
		Release|Any CPU = Release|Any CPU
	EndGlobalSection
	GlobalSection(ProjectConfigurationPlatforms) = postSolution
		{F806003A-BDB1-4AEE-8E3C-0578D4F28CB6}.Debug|Any CPU.ActiveCfg = Debug|Any CPU
		{F806003A-BDB1-4AEE-8E3C-0578D4F28CB6}.Debug|Any CPU.Build.0 = Debug|Any CPU
		{F806003A-BDB1-4AEE-8E3C-0578D4F28CB6}.Release|Any CPU.ActiveCfg = Release|Any CPU
		{F806003A-BDB1-4AEE-8E3C-0578D4F28CB6}.Release|Any CPU.Build.0 = Release|Any CPU
		{4E1B9A86-FECD-4C48-AB51-9A32AB14A692}.Debug|Any CPU.ActiveCfg = Debug|Any CPU
		{4E1B9A86-FECD-4C48-AB51-9A32AB14A692}.Debug|Any CPU.Build.0 = Debug|Any CPU
		{4E1B9A86-FECD-4C48-AB51-9A32AB14A692}.Release|Any CPU.ActiveCfg = Release|Any CPU
		{4E1B9A86-FECD-4C48-AB51-9A32AB14A692}.Release|Any CPU.Build.0 = Release|Any CPU
		{8B467DD8-704A-4569-B606-40ED0D18931F}.Debug|Any CPU.ActiveCfg = Debug|Any CPU
		{8B467DD8-704A-4569-B606-40ED0D18931F}.Debug|Any CPU.Build.0 = Debug|Any CPU
		{8B467DD8-704A-4569-B606-40ED0D18931F}.Release|Any CPU.ActiveCfg = Release|Any CPU
		{8B467DD8-704A-4569-B606-40ED0D18931F}.Release|Any CPU.Build.0 = Release|Any CPU
		{003BE371-C52C-4611-8A54-DF0BB77DEB86}.Debug|Any CPU.ActiveCfg = Debug|Any CPU
		{003BE371-C52C-4611-8A54-DF0BB77DEB86}.Debug|Any CPU.Build.0 = Debug|Any CPU
		{003BE371-C52C-4611-8A54-DF0BB77DEB86}.Release|Any CPU.ActiveCfg = Release|Any CPU
		{003BE371-C52C-4611-8A54-DF0BB77DEB86}.Release|Any CPU.Build.0 = Release|Any CPU
		{4DB665EF-A9BD-492A-945B-27F1BF821754}.Debug|Any CPU.ActiveCfg = Debug|Any CPU
		{4DB665EF-A9BD-492A-945B-27F1BF821754}.Debug|Any CPU.Build.0 = Debug|Any CPU
		{4DB665EF-A9BD-492A-945B-27F1BF821754}.Release|Any CPU.ActiveCfg = Release|Any CPU
		{4DB665EF-A9BD-492A-945B-27F1BF821754}.Release|Any CPU.Build.0 = Release|Any CPU
	EndGlobalSection
	GlobalSection(SolutionProperties) = preSolution
		HideSolutionNode = FALSE
	EndGlobalSection
EndGlobal
